
Microsoft Visual Studio Solution File, Format Version 12.00
# Visual Studio Version 17
VisualStudioVersion = 17.10.35027.167
MinimumVisualStudioVersion = 10.0.40219.1
Project("{FAE04EC0-301F-11D3-BF4B-00C04F79EFBC}") = "PratikWhileDoWhile", "PratikWhileDoWhile\PratikWhileDoWhile.csproj", "{EDD30608-002C-441C-8799-703348555BC3}"
EndProject
Global
	GlobalSection(SolutionConfigurationPlatforms) = preSolution
		Debug|Any CPU = Debug|Any CPU
		Release|Any CPU = Release|Any CPU
	EndGlobalSection
	GlobalSection(ProjectConfigurationPlatforms) = postSolution
		{EDD30608-002C-441C-8799-703348555BC3}.Debug|Any CPU.ActiveCfg = Debug|Any CPU
		{EDD30608-002C-441C-8799-703348555BC3}.Debug|Any CPU.Build.0 = Debug|Any CPU
		{EDD30608-002C-441C-8799-703348555BC3}.Release|Any CPU.ActiveCfg = Release|Any CPU
		{EDD30608-002C-441C-8799-703348555BC3}.Release|Any CPU.Build.0 = Release|Any CPU
	EndGlobalSection
	GlobalSection(SolutionProperties) = preSolution
		HideSolutionNode = FALSE
	EndGlobalSection
	GlobalSection(ExtensibilityGlobals) = postSolution
		SolutionGuid = {B8A4E1F5-A693-41F6-ABBA-682CF16A8EF8}
	EndGlobalSection
EndGlobal
